// !$*UTF8*$!
{
	archiveVersion = 1;
	classes = {
	};
	objectVersion = 46;
	objects = {

/* Begin PBXBuildFile section */
		6A3CCAC81B6F4A8F00B968C7 /* libsqlite3.0.dylib in Frameworks */ = {isa = PBXBuildFile; fileRef = 6A3CCAC71B6F4A8F00B968C7 /* libsqlite3.0.dylib */; };
		6A3CCACA1B6F4A9900B968C7 /* libsqlite3.dylib in Frameworks */ = {isa = PBXBuildFile; fileRef = 6A3CCAC91B6F4A9900B968C7 /* libsqlite3.dylib */; };
		6A3CCAD01B6F54CE00B968C7 /* DBManager.m in Sources */ = {isa = PBXBuildFile; fileRef = 6A3CCACF1B6F54CE00B968C7 /* DBManager.m */; };
		6A401CEB1B6607CC003E35F8 /* main.m in Sources */ = {isa = PBXBuildFile; fileRef = 6A401CEA1B6607CC003E35F8 /* main.m */; };
		6A401CEE1B6607CC003E35F8 /* AppDelegate.m in Sources */ = {isa = PBXBuildFile; fileRef = 6A401CED1B6607CC003E35F8 /* AppDelegate.m */; };
		6A401CF11B6607CC003E35F8 /* ViewController.m in Sources */ = {isa = PBXBuildFile; fileRef = 6A401CF01B6607CC003E35F8 /* ViewController.m */; };
		6A401CF41B6607CC003E35F8 /* Main.storyboard in Resources */ = {isa = PBXBuildFile; fileRef = 6A401CF21B6607CC003E35F8 /* Main.storyboard */; };
		6A401CF61B6607CC003E35F8 /* Images.xcassets in Resources */ = {isa = PBXBuildFile; fileRef = 6A401CF51B6607CC003E35F8 /* Images.xcassets */; };
		6A401CF91B6607CC003E35F8 /* LaunchScreen.xib in Resources */ = {isa = PBXBuildFile; fileRef = 6A401CF71B6607CC003E35F8 /* LaunchScreen.xib */; };
		6A401D051B6607CC003E35F8 /* MyCrimeTests.m in Sources */ = {isa = PBXBuildFile; fileRef = 6A401D041B6607CC003E35F8 /* MyCrimeTests.m */; };
		6A401D1B1B660990003E35F8 /* MyCrime.m in Sources */ = {isa = PBXBuildFile; fileRef = 6A401D1A1B660990003E35F8 /* MyCrime.m */; };
		6A401D211B660CE5003E35F8 /* NSObject+MyApplication.m in Sources */ = {isa = PBXBuildFile; fileRef = 6A401D201B660CE5003E35F8 /* NSObject+MyApplication.m */; };
		6A401D241B661199003E35F8 /* CrimeTableViewCell.m in Sources */ = {isa = PBXBuildFile; fileRef = 6A401D231B661199003E35F8 /* CrimeTableViewCell.m */; };
		6A401D271B661FA6003E35F8 /* DetailViewController.m in Sources */ = {isa = PBXBuildFile; fileRef = 6A401D261B661FA6003E35F8 /* DetailViewController.m */; };
		6A4BF82D1B672881001FB9A4 /* DetailCell.m in Sources */ = {isa = PBXBuildFile; fileRef = 6A4BF82C1B672881001FB9A4 /* DetailCell.m */; };
		6A4CA58C1B7085CE005EB1C8 /* EGORefreshTableHeaderView.m in Sources */ = {isa = PBXBuildFile; fileRef = 6A4CA58B1B7085CE005EB1C8 /* EGORefreshTableHeaderView.m */; };
		6A4CA5961B7085FF005EB1C8 /* blackArrow.png in Resources */ = {isa = PBXBuildFile; fileRef = 6A4CA58E1B7085FF005EB1C8 /* blackArrow.png */; };
		6A4CA5971B7085FF005EB1C8 /* blackArrow@2x.png in Resources */ = {isa = PBXBuildFile; fileRef = 6A4CA58F1B7085FF005EB1C8 /* blackArrow@2x.png */; };
		6A4CA5981B7085FF005EB1C8 /* blueArrow.png in Resources */ = {isa = PBXBuildFile; fileRef = 6A4CA5901B7085FF005EB1C8 /* blueArrow.png */; };
		6A4CA5991B7085FF005EB1C8 /* blueArrow@2x.png in Resources */ = {isa = PBXBuildFile; fileRef = 6A4CA5911B7085FF005EB1C8 /* blueArrow@2x.png */; };
		6A4CA59A1B7085FF005EB1C8 /* grayArrow.png in Resources */ = {isa = PBXBuildFile; fileRef = 6A4CA5921B7085FF005EB1C8 /* grayArrow.png */; };
		6A4CA59B1B7085FF005EB1C8 /* grayArrow@2x.png in Resources */ = {isa = PBXBuildFile; fileRef = 6A4CA5931B7085FF005EB1C8 /* grayArrow@2x.png */; };
		6A4CA59C1B7085FF005EB1C8 /* whiteArrow.png in Resources */ = {isa = PBXBuildFile; fileRef = 6A4CA5941B7085FF005EB1C8 /* whiteArrow.png */; };
		6A4CA59D1B7085FF005EB1C8 /* whiteArrow@2x.png in Resources */ = {isa = PBXBuildFile; fileRef = 6A4CA5951B7085FF005EB1C8 /* whiteArrow@2x.png */; };
		6A4CB7151B733AFC0065F589 /* YZYPopoverDialogViewController.m in Sources */ = {isa = PBXBuildFile; fileRef = 6A4CB7141B733AFC0065F589 /* YZYPopoverDialogViewController.m */; };
		6A58A1091B6B6D4300D105D9 /* MyPresentationController.m in Sources */ = {isa = PBXBuildFile; fileRef = 6A58A1081B6B6D4300D105D9 /* MyPresentationController.m */; };
		6A58A10C1B6B71C200D105D9 /* MyDatePickerDialogViewController.m in Sources */ = {isa = PBXBuildFile; fileRef = 6A58A10B1B6B71C200D105D9 /* MyDatePickerDialogViewController.m */; };
		6AF6B4A91B71FCD3008CAC21 /* NewCrimeViewController.m in Sources */ = {isa = PBXBuildFile; fileRef = 6AF6B4A81B71FCD3008CAC21 /* NewCrimeViewController.m */; };
/* End PBXBuildFile section */

/* Begin PBXContainerItemProxy section */
		6A401CFF1B6607CC003E35F8 /* PBXContainerItemProxy */ = {
			isa = PBXContainerItemProxy;
			containerPortal = 6A401CDD1B6607CC003E35F8 /* Project object */;
			proxyType = 1;
			remoteGlobalIDString = 6A401CE41B6607CC003E35F8;
			remoteInfo = MyCrime;
		};
/* End PBXContainerItemProxy section */

/* Begin PBXFileReference section */
		6A3CCAC71B6F4A8F00B968C7 /* libsqlite3.0.dylib */ = {isa = PBXFileReference; lastKnownFileType = "compiled.mach-o.dylib"; name = libsqlite3.0.dylib; path = usr/lib/libsqlite3.0.dylib; sourceTree = SDKROOT; };
		6A3CCAC91B6F4A9900B968C7 /* libsqlite3.dylib */ = {isa = PBXFileReference; lastKnownFileType = "compiled.mach-o.dylib"; name = libsqlite3.dylib; path = usr/lib/libsqlite3.dylib; sourceTree = SDKROOT; };
		6A3CCACE1B6F54CE00B968C7 /* DBManager.h */ = {isa = PBXFileReference; fileEncoding = 4; lastKnownFileType = sourcecode.c.h; path = DBManager.h; sourceTree = "<group>"; };
		6A3CCACF1B6F54CE00B968C7 /* DBManager.m */ = {isa = PBXFileReference; fileEncoding = 4; lastKnownFileType = sourcecode.c.objc; path = DBManager.m; sourceTree = "<group>"; };
		6A401CE51B6607CC003E35F8 /* MyCrime.app */ = {isa = PBXFileReference; explicitFileType = wrapper.application; includeInIndex = 0; path = MyCrime.app; sourceTree = BUILT_PRODUCTS_DIR; };
		6A401CE91B6607CC003E35F8 /* Info.plist */ = {isa = PBXFileReference; lastKnownFileType = text.plist.xml; path = Info.plist; sourceTree = "<group>"; };
		6A401CEA1B6607CC003E35F8 /* main.m */ = {isa = PBXFileReference; lastKnownFileType = sourcecode.c.objc; path = main.m; sourceTree = "<group>"; };
		6A401CEC1B6607CC003E35F8 /* AppDelegate.h */ = {isa = PBXFileReference; lastKnownFileType = sourcecode.c.h; path = AppDelegate.h; sourceTree = "<group>"; };
		6A401CED1B6607CC003E35F8 /* AppDelegate.m */ = {isa = PBXFileReference; lastKnownFileType = sourcecode.c.objc; path = AppDelegate.m; sourceTree = "<group>"; };
		6A401CEF1B6607CC003E35F8 /* ViewController.h */ = {isa = PBXFileReference; lastKnownFileType = sourcecode.c.h; path = ViewController.h; sourceTree = "<group>"; };
		6A401CF01B6607CC003E35F8 /* ViewController.m */ = {isa = PBXFileReference; lastKnownFileType = sourcecode.c.objc; path = ViewController.m; sourceTree = "<group>"; };
		6A401CF31B6607CC003E35F8 /* Base */ = {isa = PBXFileReference; lastKnownFileType = file.storyboard; name = Base; path = Base.lproj/Main.storyboard; sourceTree = "<group>"; };
		6A401CF51B6607CC003E35F8 /* Images.xcassets */ = {isa = PBXFileReference; lastKnownFileType = folder.assetcatalog; path = Images.xcassets; sourceTree = "<group>"; };
		6A401CF81B6607CC003E35F8 /* Base */ = {isa = PBXFileReference; lastKnownFileType = file.xib; name = Base; path = Base.lproj/LaunchScreen.xib; sourceTree = "<group>"; };
		6A401CFE1B6607CC003E35F8 /* MyCrimeTests.xctest */ = {isa = PBXFileReference; explicitFileType = wrapper.cfbundle; includeInIndex = 0; path = MyCrimeTests.xctest; sourceTree = BUILT_PRODUCTS_DIR; };
		6A401D031B6607CC003E35F8 /* Info.plist */ = {isa = PBXFileReference; lastKnownFileType = text.plist.xml; path = Info.plist; sourceTree = "<group>"; };
		6A401D041B6607CC003E35F8 /* MyCrimeTests.m */ = {isa = PBXFileReference; lastKnownFileType = sourcecode.c.objc; path = MyCrimeTests.m; sourceTree = "<group>"; };
		6A401D191B660990003E35F8 /* MyCrime.h */ = {isa = PBXFileReference; fileEncoding = 4; lastKnownFileType = sourcecode.c.h; path = MyCrime.h; sourceTree = "<group>"; };
		6A401D1A1B660990003E35F8 /* MyCrime.m */ = {isa = PBXFileReference; fileEncoding = 4; lastKnownFileType = sourcecode.c.objc; path = MyCrime.m; sourceTree = "<group>"; };
		6A401D1F1B660CE5003E35F8 /* NSObject+MyApplication.h */ = {isa = PBXFileReference; fileEncoding = 4; lastKnownFileType = sourcecode.c.h; path = "NSObject+MyApplication.h"; sourceTree = "<group>"; };
		6A401D201B660CE5003E35F8 /* NSObject+MyApplication.m */ = {isa = PBXFileReference; fileEncoding = 4; lastKnownFileType = sourcecode.c.objc; path = "NSObject+MyApplication.m"; sourceTree = "<group>"; };
		6A401D221B661199003E35F8 /* CrimeTableViewCell.h */ = {isa = PBXFileReference; fileEncoding = 4; lastKnownFileType = sourcecode.c.h; path = CrimeTableViewCell.h; sourceTree = "<group>"; };
		6A401D231B661199003E35F8 /* CrimeTableViewCell.m */ = {isa = PBXFileReference; fileEncoding = 4; lastKnownFileType = sourcecode.c.objc; path = CrimeTableViewCell.m; sourceTree = "<group>"; };
		6A401D251B661FA6003E35F8 /* DetailViewController.h */ = {isa = PBXFileReference; fileEncoding = 4; lastKnownFileType = sourcecode.c.h; path = DetailViewController.h; sourceTree = "<group>"; };
		6A401D261B661FA6003E35F8 /* DetailViewController.m */ = {isa = PBXFileReference; fileEncoding = 4; lastKnownFileType = sourcecode.c.objc; path = DetailViewController.m; sourceTree = "<group>"; };
		6A4BF82B1B672881001FB9A4 /* DetailCell.h */ = {isa = PBXFileReference; fileEncoding = 4; lastKnownFileType = sourcecode.c.h; path = DetailCell.h; sourceTree = "<group>"; };
		6A4BF82C1B672881001FB9A4 /* DetailCell.m */ = {isa = PBXFileReference; fileEncoding = 4; lastKnownFileType = sourcecode.c.objc; path = DetailCell.m; sourceTree = "<group>"; };
		6A4CA58A1B7085CE005EB1C8 /* EGORefreshTableHeaderView.h */ = {isa = PBXFileReference; fileEncoding = 4; lastKnownFileType = sourcecode.c.h; path = EGORefreshTableHeaderView.h; sourceTree = "<group>"; };
		6A4CA58B1B7085CE005EB1C8 /* EGORefreshTableHeaderView.m */ = {isa = PBXFileReference; fileEncoding = 4; lastKnownFileType = sourcecode.c.objc; path = EGORefreshTableHeaderView.m; sourceTree = "<group>"; };
		6A4CA58E1B7085FF005EB1C8 /* blackArrow.png */ = {isa = PBXFileReference; lastKnownFileType = image.png; path = blackArrow.png; sourceTree = "<group>"; };
		6A4CA58F1B7085FF005EB1C8 /* blackArrow@2x.png */ = {isa = PBXFileReference; lastKnownFileType = image.png; path = "blackArrow@2x.png"; sourceTree = "<group>"; };
		6A4CA5901B7085FF005EB1C8 /* blueArrow.png */ = {isa = PBXFileReference; lastKnownFileType = image.png; path = blueArrow.png; sourceTree = "<group>"; };
		6A4CA5911B7085FF005EB1C8 /* blueArrow@2x.png */ = {isa = PBXFileReference; lastKnownFileType = image.png; path = "blueArrow@2x.png"; sourceTree = "<group>"; };
		6A4CA5921B7085FF005EB1C8 /* grayArrow.png */ = {isa = PBXFileReference; lastKnownFileType = image.png; path = grayArrow.png; sourceTree = "<group>"; };
		6A4CA5931B7085FF005EB1C8 /* grayArrow@2x.png */ = {isa = PBXFileReference; lastKnownFileType = image.png; path = "grayArrow@2x.png"; sourceTree = "<group>"; };
		6A4CA5941B7085FF005EB1C8 /* whiteArrow.png */ = {isa = PBXFileReference; lastKnownFileType = image.png; path = whiteArrow.png; sourceTree = "<group>"; };
		6A4CA5951B7085FF005EB1C8 /* whiteArrow@2x.png */ = {isa = PBXFileReference; lastKnownFileType = image.png; path = "whiteArrow@2x.png"; sourceTree = "<group>"; };
		6A4CB7131B733AFC0065F589 /* YZYPopoverDialogViewController.h */ = {isa = PBXFileReference; fileEncoding = 4; lastKnownFileType = sourcecode.c.h; path = YZYPopoverDialogViewController.h; sourceTree = "<group>"; };
		6A4CB7141B733AFC0065F589 /* YZYPopoverDialogViewController.m */ = {isa = PBXFileReference; fileEncoding = 4; lastKnownFileType = sourcecode.c.objc; path = YZYPopoverDialogViewController.m; sourceTree = "<group>"; };
		6A58A1071B6B6D4300D105D9 /* MyPresentationController.h */ = {isa = PBXFileReference; fileEncoding = 4; lastKnownFileType = sourcecode.c.h; path = MyPresentationController.h; sourceTree = "<group>"; };
		6A58A1081B6B6D4300D105D9 /* MyPresentationController.m */ = {isa = PBXFileReference; fileEncoding = 4; lastKnownFileType = sourcecode.c.objc; path = MyPresentationController.m; sourceTree = "<group>"; };
		6A58A10A1B6B71C200D105D9 /* MyDatePickerDialogViewController.h */ = {isa = PBXFileReference; fileEncoding = 4; lastKnownFileType = sourcecode.c.h; path = MyDatePickerDialogViewController.h; sourceTree = "<group>"; };
		6A58A10B1B6B71C200D105D9 /* MyDatePickerDialogViewController.m */ = {isa = PBXFileReference; fileEncoding = 4; lastKnownFileType = sourcecode.c.objc; path = MyDatePickerDialogViewController.m; sourceTree = "<group>"; };
		6AF6B4A71B71FCD3008CAC21 /* NewCrimeViewController.h */ = {isa = PBXFileReference; fileEncoding = 4; lastKnownFileType = sourcecode.c.h; path = NewCrimeViewController.h; sourceTree = "<group>"; };
		6AF6B4A81B71FCD3008CAC21 /* NewCrimeViewController.m */ = {isa = PBXFileReference; fileEncoding = 4; lastKnownFileType = sourcecode.c.objc; path = NewCrimeViewController.m; sourceTree = "<group>"; };
/* End PBXFileReference section */

/* Begin PBXFrameworksBuildPhase section */
		6A401CE21B6607CC003E35F8 /* Frameworks */ = {
			isa = PBXFrameworksBuildPhase;
			buildActionMask = 2147483647;
			files = (
				6A3CCACA1B6F4A9900B968C7 /* libsqlite3.dylib in Frameworks */,
				6A3CCAC81B6F4A8F00B968C7 /* libsqlite3.0.dylib in Frameworks */,
			);
			runOnlyForDeploymentPostprocessing = 0;
		};
		6A401CFB1B6607CC003E35F8 /* Frameworks */ = {
			isa = PBXFrameworksBuildPhase;
			buildActionMask = 2147483647;
			files = (
			);
			runOnlyForDeploymentPostprocessing = 0;
		};
/* End PBXFrameworksBuildPhase section */

/* Begin PBXGroup section */
		6A3765461B68A7490068049A /* main */ = {
			isa = PBXGroup;
			children = (
				6A401CEF1B6607CC003E35F8 /* ViewController.h */,
				6A401CF01B6607CC003E35F8 /* ViewController.m */,
				6A401D221B661199003E35F8 /* CrimeTableViewCell.h */,
				6A401D231B661199003E35F8 /* CrimeTableViewCell.m */,
			);
			name = main;
			sourceTree = "<group>";
		};
		6A3765471B68A75A0068049A /* Detail */ = {
			isa = PBXGroup;
			children = (
				6A401D251B661FA6003E35F8 /* DetailViewController.h */,
				6A401D261B661FA6003E35F8 /* DetailViewController.m */,
				6A4BF82B1B672881001FB9A4 /* DetailCell.h */,
				6A4BF82C1B672881001FB9A4 /* DetailCell.m */,
			);
			name = Detail;
			sourceTree = "<group>";
		};
		6A401CDC1B6607CC003E35F8 = {
			isa = PBXGroup;
			children = (
				6A3CCAC91B6F4A9900B968C7 /* libsqlite3.dylib */,
				6A3CCAC71B6F4A8F00B968C7 /* libsqlite3.0.dylib */,
				6A401CE71B6607CC003E35F8 /* MyCrime */,
				6A401D011B6607CC003E35F8 /* MyCrimeTests */,
				6A401CE61B6607CC003E35F8 /* Products */,
			);
			sourceTree = "<group>";
		};
		6A401CE61B6607CC003E35F8 /* Products */ = {
			isa = PBXGroup;
			children = (
				6A401CE51B6607CC003E35F8 /* MyCrime.app */,
				6A401CFE1B6607CC003E35F8 /* MyCrimeTests.xctest */,
			);
			name = Products;
			sourceTree = "<group>";
		};
		6A401CE71B6607CC003E35F8 /* MyCrime */ = {
			isa = PBXGroup;
			children = (
				6A58A1061B6B6D1900D105D9 /* Common */,
				6A401D0E1B6607D6003E35F8 /* Controller */,
				6A401D121B66086E003E35F8 /* Data */,
				6A4CA5891B7085A6005EB1C8 /* EGO */,
				6A401D0F1B6607F4003E35F8 /* Main */,
				6A401D111B660830003E35F8 /* Resources */,
				6A401CE81B6607CC003E35F8 /* Supporting Files */,
			);
			path = MyCrime;
			sourceTree = "<group>";
		};
		6A401CE81B6607CC003E35F8 /* Supporting Files */ = {
			isa = PBXGroup;
			children = (
				6A401CE91B6607CC003E35F8 /* Info.plist */,
				6A401CEA1B6607CC003E35F8 /* main.m */,
			);
			name = "Supporting Files";
			sourceTree = "<group>";
		};
		6A401D011B6607CC003E35F8 /* MyCrimeTests */ = {
			isa = PBXGroup;
			children = (
				6A401D041B6607CC003E35F8 /* MyCrimeTests.m */,
				6A401D021B6607CC003E35F8 /* Supporting Files */,
			);
			path = MyCrimeTests;
			sourceTree = "<group>";
		};
		6A401D021B6607CC003E35F8 /* Supporting Files */ = {
			isa = PBXGroup;
			children = (
				6A401D031B6607CC003E35F8 /* Info.plist */,
			);
			name = "Supporting Files";
			sourceTree = "<group>";
		};
		6A401D0E1B6607D6003E35F8 /* Controller */ = {
			isa = PBXGroup;
			children = (
				6A4CB7111B72F4C40065F589 /* DatePicker */,
				6A3765471B68A75A0068049A /* Detail */,
				6A3765461B68A7490068049A /* main */,
				6AF6B4A61B71FCA4008CAC21 /* NewCrime */,
			);
			name = Controller;
			sourceTree = "<group>";
		};
		6A401D0F1B6607F4003E35F8 /* Main */ = {
			isa = PBXGroup;
			children = (
				6A401CEC1B6607CC003E35F8 /* AppDelegate.h */,
				6A401CED1B6607CC003E35F8 /* AppDelegate.m */,
				6A401D1F1B660CE5003E35F8 /* NSObject+MyApplication.h */,
				6A401D201B660CE5003E35F8 /* NSObject+MyApplication.m */,
			);
			name = Main;
			sourceTree = "<group>";
		};
		6A401D111B660830003E35F8 /* Resources */ = {
			isa = PBXGroup;
			children = (
				6A4CA58D1B7085E9005EB1C8 /* Arrow */,
				6A401CF21B6607CC003E35F8 /* Main.storyboard */,
				6A401CF51B6607CC003E35F8 /* Images.xcassets */,
				6A401CF71B6607CC003E35F8 /* LaunchScreen.xib */,
			);
			name = Resources;
			sourceTree = "<group>";
		};
		6A401D121B66086E003E35F8 /* Data */ = {
			isa = PBXGroup;
			children = (
				6A401D191B660990003E35F8 /* MyCrime.h */,
				6A401D1A1B660990003E35F8 /* MyCrime.m */,
			);
			name = Data;
			sourceTree = "<group>";
		};
		6A4CA5891B7085A6005EB1C8 /* EGO */ = {
			isa = PBXGroup;
			children = (
				6A4CA58A1B7085CE005EB1C8 /* EGORefreshTableHeaderView.h */,
				6A4CA58B1B7085CE005EB1C8 /* EGORefreshTableHeaderView.m */,
			);
			name = EGO;
			sourceTree = "<group>";
		};
		6A4CA58D1B7085E9005EB1C8 /* Arrow */ = {
			isa = PBXGroup;
			children = (
				6A4CA58E1B7085FF005EB1C8 /* blackArrow.png */,
				6A4CA58F1B7085FF005EB1C8 /* blackArrow@2x.png */,
				6A4CA5901B7085FF005EB1C8 /* blueArrow.png */,
				6A4CA5911B7085FF005EB1C8 /* blueArrow@2x.png */,
				6A4CA5921B7085FF005EB1C8 /* grayArrow.png */,
				6A4CA5931B7085FF005EB1C8 /* grayArrow@2x.png */,
				6A4CA5941B7085FF005EB1C8 /* whiteArrow.png */,
				6A4CA5951B7085FF005EB1C8 /* whiteArrow@2x.png */,
			);
			name = Arrow;
			sourceTree = "<group>";
		};
		6A4CB7111B72F4C40065F589 /* DatePicker */ = {
			isa = PBXGroup;
			children = (
				6A58A10A1B6B71C200D105D9 /* MyDatePickerDialogViewController.h */,
				6A58A10B1B6B71C200D105D9 /* MyDatePickerDialogViewController.m */,
			);
			name = DatePicker;
			sourceTree = "<group>";
		};
		6A4CB7121B733A890065F589 /* YZYPopoverDialog */ = {
			isa = PBXGroup;
			children = (
				6A58A1071B6B6D4300D105D9 /* MyPresentationController.h */,
				6A58A1081B6B6D4300D105D9 /* MyPresentationController.m */,
				6A4CB7131B733AFC0065F589 /* YZYPopoverDialogViewController.h */,
				6A4CB7141B733AFC0065F589 /* YZYPopoverDialogViewController.m */,
			);
			name = YZYPopoverDialog;
			sourceTree = "<group>";
		};
		6A58A1061B6B6D1900D105D9 /* Common */ = {
			isa = PBXGroup;
			children = (
				6A4CB7121B733A890065F589 /* YZYPopoverDialog */,
				6A3CCACE1B6F54CE00B968C7 /* DBManager.h */,
				6A3CCACF1B6F54CE00B968C7 /* DBManager.m */,
			);
			name = Common;
			sourceTree = "<group>";
		};
		6AF6B4A61B71FCA4008CAC21 /* NewCrime */ = {
			isa = PBXGroup;
			children = (
				6AF6B4A71B71FCD3008CAC21 /* NewCrimeViewController.h */,
				6AF6B4A81B71FCD3008CAC21 /* NewCrimeViewController.m */,
			);
			name = NewCrime;
			sourceTree = "<group>";
		};
/* End PBXGroup section */

/* Begin PBXNativeTarget section */
		6A401CE41B6607CC003E35F8 /* MyCrime */ = {
			isa = PBXNativeTarget;
			buildConfigurationList = 6A401D081B6607CC003E35F8 /* Build configuration list for PBXNativeTarget "MyCrime" */;
			buildPhases = (
				6A401CE11B6607CC003E35F8 /* Sources */,
				6A401CE21B6607CC003E35F8 /* Frameworks */,
				6A401CE31B6607CC003E35F8 /* Resources */,
			);
			buildRules = (
			);
			dependencies = (
			);
			name = MyCrime;
			productName = MyCrime;
			productReference = 6A401CE51B6607CC003E35F8 /* MyCrime.app */;
			productType = "com.apple.product-type.application";
		};
		6A401CFD1B6607CC003E35F8 /* MyCrimeTests */ = {
			isa = PBXNativeTarget;
			buildConfigurationList = 6A401D0B1B6607CC003E35F8 /* Build configuration list for PBXNativeTarget "MyCrimeTests" */;
			buildPhases = (
				6A401CFA1B6607CC003E35F8 /* Sources */,
				6A401CFB1B6607CC003E35F8 /* Frameworks */,
				6A401CFC1B6607CC003E35F8 /* Resources */,
			);
			buildRules = (
			);
			dependencies = (
				6A401D001B6607CC003E35F8 /* PBXTargetDependency */,
			);
			name = MyCrimeTests;
			productName = MyCrimeTests;
			productReference = 6A401CFE1B6607CC003E35F8 /* MyCrimeTests.xctest */;
			productType = "com.apple.product-type.bundle.unit-test";
		};
/* End PBXNativeTarget section */

/* Begin PBXProject section */
		6A401CDD1B6607CC003E35F8 /* Project object */ = {
			isa = PBXProject;
			attributes = {
				LastUpgradeCheck = 0640;
				ORGANIZATIONNAME = yzy;
				TargetAttributes = {
					6A401CE41B6607CC003E35F8 = {
						CreatedOnToolsVersion = 6.4;
					};
					6A401CFD1B6607CC003E35F8 = {
						CreatedOnToolsVersion = 6.4;
						TestTargetID = 6A401CE41B6607CC003E35F8;
					};
				};
			};
			buildConfigurationList = 6A401CE01B6607CC003E35F8 /* Build configuration list for PBXProject "MyCrime" */;
			compatibilityVersion = "Xcode 3.2";
			developmentRegion = English;
			hasScannedForEncodings = 0;
			knownRegions = (
				en,
				Base,
			);
			mainGroup = 6A401CDC1B6607CC003E35F8;
			productRefGroup = 6A401CE61B6607CC003E35F8 /* Products */;
			projectDirPath = "";
			projectRoot = "";
			targets = (
				6A401CE41B6607CC003E35F8 /* MyCrime */,
				6A401CFD1B6607CC003E35F8 /* MyCrimeTests */,
			);
		};
/* End PBXProject section */

/* Begin PBXResourcesBuildPhase section */
		6A401CE31B6607CC003E35F8 /* Resources */ = {
			isa = PBXResourcesBuildPhase;
			buildActionMask = 2147483647;
			files = (
				6A401CF41B6607CC003E35F8 /* Main.storyboard in Resources */,
				6A4CA5961B7085FF005EB1C8 /* blackArrow.png in Resources */,
				6A401CF91B6607CC003E35F8 /* LaunchScreen.xib in Resources */,
				6A4CA59D1B7085FF005EB1C8 /* whiteArrow@2x.png in Resources */,
				6A4CA59B1B7085FF005EB1C8 /* grayArrow@2x.png in Resources */,
				6A4CA5991B7085FF005EB1C8 /* blueArrow@2x.png in Resources */,
				6A4CA5981B7085FF005EB1C8 /* blueArrow.png in Resources */,
				6A4CA5971B7085FF005EB1C8 /* blackArrow@2x.png in Resources */,
				6A4CA59C1B7085FF005EB1C8 /* whiteArrow.png in Resources */,
				6A4CA59A1B7085FF005EB1C8 /* grayArrow.png in Resources */,
				6A401CF61B6607CC003E35F8 /* Images.xcassets in Resources */,
			);
			runOnlyForDeploymentPostprocessing = 0;
		};
		6A401CFC1B6607CC003E35F8 /* Resources */ = {
			isa = PBXResourcesBuildPhase;
			buildActionMask = 2147483647;
			files = (
			);
			runOnlyForDeploymentPostprocessing = 0;
		};
/* End PBXResourcesBuildPhase section */

/* Begin PBXSourcesBuildPhase section */
		6A401CE11B6607CC003E35F8 /* Sources */ = {
			isa = PBXSourcesBuildPhase;
			buildActionMask = 2147483647;
			files = (
				6A4CB7151B733AFC0065F589 /* YZYPopoverDialogViewController.m in Sources */,
				6A4CA58C1B7085CE005EB1C8 /* EGORefreshTableHeaderView.m in Sources */,
				6A401D241B661199003E35F8 /* CrimeTableViewCell.m in Sources */,
				6A401CF11B6607CC003E35F8 /* ViewController.m in Sources */,
				6A4BF82D1B672881001FB9A4 /* DetailCell.m in Sources */,
				6A401CEE1B6607CC003E35F8 /* AppDelegate.m in Sources */,
				6A401D211B660CE5003E35F8 /* NSObject+MyApplication.m in Sources */,
				6A401D1B1B660990003E35F8 /* MyCrime.m in Sources */,
				6A401CEB1B6607CC003E35F8 /* main.m in Sources */,
				6AF6B4A91B71FCD3008CAC21 /* NewCrimeViewController.m in Sources */,
				6A3CCAD01B6F54CE00B968C7 /* DBManager.m in Sources */,
				6A401D271B661FA6003E35F8 /* DetailViewController.m in Sources */,
				6A58A10C1B6B71C200D105D9 /* MyDatePickerDialogViewController.m in Sources */,
				6A58A1091B6B6D4300D105D9 /* MyPresentationController.m in Sources */,
			);
			runOnlyForDeploymentPostprocessing = 0;
		};
		6A401CFA1B6607CC003E35F8 /* Sources */ = {
			isa = PBXSourcesBuildPhase;
			buildActionMask = 2147483647;
			files = (
				6A401D051B6607CC003E35F8 /* MyCrimeTests.m in Sources */,
			);
			runOnlyForDeploymentPostprocessing = 0;
		};
/* End PBXSourcesBuildPhase section */

/* Begin PBXTargetDependency section */
		6A401D001B6607CC003E35F8 /* PBXTargetDependency */ = {
			isa = PBXTargetDependency;
			target = 6A401CE41B6607CC003E35F8 /* MyCrime */;
			targetProxy = 6A401CFF1B6607CC003E35F8 /* PBXContainerItemProxy */;
		};
/* End PBXTargetDependency section */

/* Begin PBXVariantGroup section */
		6A401CF21B6607CC003E35F8 /* Main.storyboard */ = {
			isa = PBXVariantGroup;
			children = (
				6A401CF31B6607CC003E35F8 /* Base */,
			);
			name = Main.storyboard;
			sourceTree = "<group>";
		};
		6A401CF71B6607CC003E35F8 /* LaunchScreen.xib */ = {
			isa = PBXVariantGroup;
			children = (
				6A401CF81B6607CC003E35F8 /* Base */,
			);
			name = LaunchScreen.xib;
			sourceTree = "<group>";
		};
/* End PBXVariantGroup section */

/* Begin XCBuildConfiguration section */
		6A401D061B6607CC003E35F8 /* Debug */ = {
			isa = XCBuildConfiguration;
			buildSettings = {
				ALWAYS_SEARCH_USER_PATHS = NO;
				CLANG_CXX_LANGUAGE_STANDARD = "gnu++0x";
				CLANG_CXX_LIBRARY = "libc++";
				CLANG_ENABLE_MODULES = YES;
				CLANG_ENABLE_OBJC_ARC = YES;
				CLANG_WARN_BOOL_CONVERSION = YES;
				CLANG_WARN_CONSTANT_CONVERSION = YES;
				CLANG_WARN_DIRECT_OBJC_ISA_USAGE = YES_ERROR;
				CLANG_WARN_EMPTY_BODY = YES;
				CLANG_WARN_ENUM_CONVERSION = YES;
				CLANG_WARN_INT_CONVERSION = YES;
				CLANG_WARN_OBJC_ROOT_CLASS = YES_ERROR;
				CLANG_WARN_UNREACHABLE_CODE = YES;
				CLANG_WARN__DUPLICATE_METHOD_MATCH = YES;
				"CODE_SIGN_IDENTITY[sdk=iphoneos*]" = "iPhone Developer";
				COPY_PHASE_STRIP = NO;
				DEBUG_INFORMATION_FORMAT = "dwarf-with-dsym";
				ENABLE_STRICT_OBJC_MSGSEND = YES;
				GCC_C_LANGUAGE_STANDARD = gnu99;
				GCC_DYNAMIC_NO_PIC = NO;
				GCC_NO_COMMON_BLOCKS = YES;
				GCC_OPTIMIZATION_LEVEL = 0;
				GCC_PREPROCESSOR_DEFINITIONS = (
					"DEBUG=1",
					"$(inherited)",
				);
				GCC_SYMBOLS_PRIVATE_EXTERN = NO;
				GCC_WARN_64_TO_32_BIT_CONVERSION = YES;
				GCC_WARN_ABOUT_RETURN_TYPE = YES_ERROR;
				GCC_WARN_UNDECLARED_SELECTOR = YES;
				GCC_WARN_UNINITIALIZED_AUTOS = YES_AGGRESSIVE;
				GCC_WARN_UNUSED_FUNCTION = YES;
				GCC_WARN_UNUSED_VARIABLE = YES;
				IPHONEOS_DEPLOYMENT_TARGET = 8.4;
				MTL_ENABLE_DEBUG_INFO = YES;
				ONLY_ACTIVE_ARCH = YES;
				SDKROOT = iphoneos;
				TARGETED_DEVICE_FAMILY = "1,2";
			};
			name = Debug;
		};
		6A401D071B6607CC003E35F8 /* Release */ = {
			isa = XCBuildConfiguration;
			buildSettings = {
				ALWAYS_SEARCH_USER_PATHS = NO;
				CLANG_CXX_LANGUAGE_STANDARD = "gnu++0x";
				CLANG_CXX_LIBRARY = "libc++";
				CLANG_ENABLE_MODULES = YES;
				CLANG_ENABLE_OBJC_ARC = YES;
				CLANG_WARN_BOOL_CONVERSION = YES;
				CLANG_WARN_CONSTANT_CONVERSION = YES;
				CLANG_WARN_DIRECT_OBJC_ISA_USAGE = YES_ERROR;
				CLANG_WARN_EMPTY_BODY = YES;
				CLANG_WARN_ENUM_CONVERSION = YES;
				CLANG_WARN_INT_CONVERSION = YES;
				CLANG_WARN_OBJC_ROOT_CLASS = YES_ERROR;
				CLANG_WARN_UNREACHABLE_CODE = YES;
				CLANG_WARN__DUPLICATE_METHOD_MATCH = YES;
				"CODE_SIGN_IDENTITY[sdk=iphoneos*]" = "iPhone Developer";
				COPY_PHASE_STRIP = NO;
				DEBUG_INFORMATION_FORMAT = "dwarf-with-dsym";
				ENABLE_NS_ASSERTIONS = NO;
				ENABLE_STRICT_OBJC_MSGSEND = YES;
				GCC_C_LANGUAGE_STANDARD = gnu99;
				GCC_NO_COMMON_BLOCKS = YES;
				GCC_WARN_64_TO_32_BIT_CONVERSION = YES;
				GCC_WARN_ABOUT_RETURN_TYPE = YES_ERROR;
				GCC_WARN_UNDECLARED_SELECTOR = YES;
				GCC_WARN_UNINITIALIZED_AUTOS = YES_AGGRESSIVE;
				GCC_WARN_UNUSED_FUNCTION = YES;
				GCC_WARN_UNUSED_VARIABLE = YES;
				IPHONEOS_DEPLOYMENT_TARGET = 8.4;
				MTL_ENABLE_DEBUG_INFO = NO;
				SDKROOT = iphoneos;
				TARGETED_DEVICE_FAMILY = "1,2";
				VALIDATE_PRODUCT = YES;
			};
			name = Release;
		};
		6A401D091B6607CC003E35F8 /* Debug */ = {
			isa = XCBuildConfiguration;
			buildSettings = {
				ASSETCATALOG_COMPILER_APPICON_NAME = AppIcon;
				INFOPLIST_FILE = MyCrime/Info.plist;
				LD_RUNPATH_SEARCH_PATHS = "$(inherited) @executable_path/Frameworks";
				PRODUCT_NAME = "$(TARGET_NAME)";
			};
			name = Debug;
		};
		6A401D0A1B6607CC003E35F8 /* Release */ = {
			isa = XCBuildConfiguration;
			buildSettings = {
				ASSETCATALOG_COMPILER_APPICON_NAME = AppIcon;
				INFOPLIST_FILE = MyCrime/Info.plist;
				LD_RUNPATH_SEARCH_PATHS = "$(inherited) @executable_path/Frameworks";
				PRODUCT_NAME = "$(TARGET_NAME)";
			};
			name = Release;
		};
		6A401D0C1B6607CC003E35F8 /* Debug */ = {
			isa = XCBuildConfiguration;
			buildSettings = {
				BUNDLE_LOADER = "$(TEST_HOST)";
				FRAMEWORK_SEARCH_PATHS = (
					"$(SDKROOT)/Developer/Library/Frameworks",
					"$(inherited)",
				);
				GCC_PREPROCESSOR_DEFINITIONS = (
					"DEBUG=1",
					"$(inherited)",
				);
				INFOPLIST_FILE = MyCrimeTests/Info.plist;
				LD_RUNPATH_SEARCH_PATHS = "$(inherited) @executable_path/Frameworks @loader_path/Frameworks";
				PRODUCT_NAME = "$(TARGET_NAME)";
				TEST_HOST = "$(BUILT_PRODUCTS_DIR)/MyCrime.app/MyCrime";
			};
			name = Debug;
		};
		6A401D0D1B6607CC003E35F8 /* Release */ = {
			isa = XCBuildConfiguration;
			buildSettings = {
				BUNDLE_LOADER = "$(TEST_HOST)";
				FRAMEWORK_SEARCH_PATHS = (
					"$(SDKROOT)/Developer/Library/Frameworks",
					"$(inherited)",
				);
				INFOPLIST_FILE = MyCrimeTests/Info.plist;
				LD_RUNPATH_SEARCH_PATHS = "$(inherited) @executable_path/Frameworks @loader_path/Frameworks";
				PRODUCT_NAME = "$(TARGET_NAME)";
				TEST_HOST = "$(BUILT_PRODUCTS_DIR)/MyCrime.app/MyCrime";
			};
			name = Release;
		};
/* End XCBuildConfiguration section */

/* Begin XCConfigurationList section */
		6A401CE01B6607CC003E35F8 /* Build configuration list for PBXProject "MyCrime" */ = {
			isa = XCConfigurationList;
			buildConfigurations = (
				6A401D061B6607CC003E35F8 /* Debug */,
				6A401D071B6607CC003E35F8 /* Release */,
			);
			defaultConfigurationIsVisible = 0;
			defaultConfigurationName = Release;
		};
		6A401D081B6607CC003E35F8 /* Build configuration list for PBXNativeTarget "MyCrime" */ = {
			isa = XCConfigurationList;
			buildConfigurations = (
				6A401D091B6607CC003E35F8 /* Debug */,
				6A401D0A1B6607CC003E35F8 /* Release */,
			);
			defaultConfigurationIsVisible = 0;
			defaultConfigurationName = Release;
		};
		6A401D0B1B6607CC003E35F8 /* Build configuration list for PBXNativeTarget "MyCrimeTests" */ = {
			isa = XCConfigurationList;
			buildConfigurations = (
				6A401D0C1B6607CC003E35F8 /* Debug */,
				6A401D0D1B6607CC003E35F8 /* Release */,
			);
			defaultConfigurationIsVisible = 0;
			defaultConfigurationName = Release;
		};
/* End XCConfigurationList section */
	};
	rootObject = 6A401CDD1B6607CC003E35F8 /* Project object */;
}
